Microsoft Visual Studio Solution File, Format Version 12.00
# Visual Studio Version 17
VisualStudioVersion = 17.5.2.0
MinimumVisualStudioVersion = 10.0.40219.1
Project("{FAE04EC0-301F-11D3-BF4B-00C04F79EFBC}") = "ApiAssignment", "ApiAssignment.csproj", "{1C825ECC-4436-CE45-1C96-7B88442AF9E5}"
EndProject
Global
	GlobalSection(SolutionConfigurationPlatforms) = preSolution
		Debug|Any CPU = Debug|Any CPU
		Release|Any CPU = Release|Any CPU
	EndGlobalSection
	GlobalSection(ProjectConfigurationPlatforms) = postSolution
		{1C825ECC-4436-CE45-1C96-7B88442AF9E5}.Debug|Any CPU.ActiveCfg = Debug|Any CPU
		{1C825ECC-4436-CE45-1C96-7B88442AF9E5}.Debug|Any CPU.Build.0 = Debug|Any CPU
		{1C825ECC-4436-CE45-1C96-7B88442AF9E5}.Release|Any CPU.ActiveCfg = Release|Any CPU
		{1C825ECC-4436-CE45-1C96-7B88442AF9E5}.Release|Any CPU.Build.0 = Release|Any CPU
	EndGlobalSection
	GlobalSection(SolutionProperties) = preSolution
		HideSolutionNode = FALSE
	EndGlobalSection
	GlobalSection(ExtensibilityGlobals) = postSolution
		SolutionGuid = {702D5068-0ABA-485E-9EF9-C90D68902801}
	EndGlobalSection
EndGlobal
